
Microsoft Visual Studio Solution File, Format Version 12.00
# Visual Studio 15
VisualStudioVersion = 15.0.26124.0
MinimumVisualStudioVersion = 15.0.26124.0
Project("{2150E333-8FDC-42A3-9474-1A3956D46DE8}") = "src", "src", "{A210549A-3439-4167-8F81-510356DF8D42}"
EndProject
Project("{FAE04EC0-301F-11D3-BF4B-00C04F79EFBC}") = "Warsaw.Notifications.Web", "src\Warsaw.Notifications.Web\Warsaw.Notifications.Web.csproj", "{16C7DA43-BC4D-4850-B3E9-8A5B16FB3D26}"
EndProject
Project("{FAE04EC0-301F-11D3-BF4B-00C04F79EFBC}") = "Warsaw.Notifications.Domain", "src\Warsaw.Notifications.Domain\Warsaw.Notifications.Domain.csproj", "{2937D249-2F67-4BF0-B06B-3443285B79E1}"
EndProject
Global
	GlobalSection(SolutionConfigurationPlatforms) = preSolution
		Debug|Any CPU = Debug|Any CPU
		Debug|x64 = Debug|x64
		Debug|x86 = Debug|x86
		Release|Any CPU = Release|Any CPU
		Release|x64 = Release|x64
		Release|x86 = Release|x86
	EndGlobalSection
	GlobalSection(SolutionProperties) = preSolution
		HideSolutionNode = FALSE
	EndGlobalSection
	GlobalSection(ProjectConfigurationPlatforms) = postSolution
		{16C7DA43-BC4D-4850-B3E9-8A5B16FB3D26}.Debug|Any CPU.ActiveCfg = Debug|Any CPU
		{16C7DA43-BC4D-4850-B3E9-8A5B16FB3D26}.Debug|Any CPU.Build.0 = Debug|Any CPU
		{16C7DA43-BC4D-4850-B3E9-8A5B16FB3D26}.Debug|x64.ActiveCfg = Debug|Any CPU
		{16C7DA43-BC4D-4850-B3E9-8A5B16FB3D26}.Debug|x64.Build.0 = Debug|Any CPU
		{16C7DA43-BC4D-4850-B3E9-8A5B16FB3D26}.Debug|x86.ActiveCfg = Debug|Any CPU
		{16C7DA43-BC4D-4850-B3E9-8A5B16FB3D26}.Debug|x86.Build.0 = Debug|Any CPU
		{16C7DA43-BC4D-4850-B3E9-8A5B16FB3D26}.Release|Any CPU.ActiveCfg = Release|Any CPU
		{16C7DA43-BC4D-4850-B3E9-8A5B16FB3D26}.Release|Any CPU.Build.0 = Release|Any CPU
		{16C7DA43-BC4D-4850-B3E9-8A5B16FB3D26}.Release|x64.ActiveCfg = Release|Any CPU
		{16C7DA43-BC4D-4850-B3E9-8A5B16FB3D26}.Release|x64.Build.0 = Release|Any CPU
		{16C7DA43-BC4D-4850-B3E9-8A5B16FB3D26}.Release|x86.ActiveCfg = Release|Any CPU
		{16C7DA43-BC4D-4850-B3E9-8A5B16FB3D26}.Release|x86.Build.0 = Release|Any CPU
		{2937D249-2F67-4BF0-B06B-3443285B79E1}.Debug|Any CPU.ActiveCfg = Debug|Any CPU
		{2937D249-2F67-4BF0-B06B-3443285B79E1}.Debug|Any CPU.Build.0 = Debug|Any CPU
		{2937D249-2F67-4BF0-B06B-3443285B79E1}.Debug|x64.ActiveCfg = Debug|Any CPU
		{2937D249-2F67-4BF0-B06B-3443285B79E1}.Debug|x64.Build.0 = Debug|Any CPU
		{2937D249-2F67-4BF0-B06B-3443285B79E1}.Debug|x86.ActiveCfg = Debug|Any CPU
		{2937D249-2F67-4BF0-B06B-3443285B79E1}.Debug|x86.Build.0 = Debug|Any CPU
		{2937D249-2F67-4BF0-B06B-3443285B79E1}.Release|Any CPU.ActiveCfg = Release|Any CPU
		{2937D249-2F67-4BF0-B06B-3443285B79E1}.Release|Any CPU.Build.0 = Release|Any CPU
		{2937D249-2F67-4BF0-B06B-3443285B79E1}.Release|x64.ActiveCfg = Release|Any CPU
		{2937D249-2F67-4BF0-B06B-3443285B79E1}.Release|x64.Build.0 = Release|Any CPU
		{2937D249-2F67-4BF0-B06B-3443285B79E1}.Release|x86.ActiveCfg = Release|Any CPU
		{2937D249-2F67-4BF0-B06B-3443285B79E1}.Release|x86.Build.0 = Release|Any CPU
	EndGlobalSection
	GlobalSection(NestedProjects) = preSolution
		{16C7DA43-BC4D-4850-B3E9-8A5B16FB3D26} = {A210549A-3439-4167-8F81-510356DF8D42}
		{2937D249-2F67-4BF0-B06B-3443285B79E1} = {A210549A-3439-4167-8F81-510356DF8D42}
	EndGlobalSection
EndGlobal
